// !$*UTF8*$!
{
	archiveVersion = 1;
	classes = {
	};
	objectVersion = 55;
	objects = {

/* Begin PBXBuildFile section */
		5560AFB927FA6D61007DBCE9 /* AppDelegate.swift in Sources */ = {isa = PBXBuildFile; fileRef = 5560AFB827FA6D61007DBCE9 /* AppDelegate.swift */; };
		5560AFBB27FA6D61007DBCE9 /* SceneDelegate.swift in Sources */ = {isa = PBXBuildFile; fileRef = 5560AFBA27FA6D61007DBCE9 /* SceneDelegate.swift */; };
		5560AFBD27FA6D61007DBCE9 /* ViewController.swift in Sources */ = {isa = PBXBuildFile; fileRef = 5560AFBC27FA6D61007DBCE9 /* ViewController.swift */; };
		5560AFC027FA6D61007DBCE9 /* Main.storyboard in Resources */ = {isa = PBXBuildFile; fileRef = 5560AFBE27FA6D61007DBCE9 /* Main.storyboard */; };
		5560AFC227FA6D68007DBCE9 /* Assets.xcassets in Resources */ = {isa = PBXBuildFile; fileRef = 5560AFC127FA6D68007DBCE9 /* Assets.xcassets */; };
		5560AFC527FA6D68007DBCE9 /* LaunchScreen.storyboard in Resources */ = {isa = PBXBuildFile; fileRef = 5560AFC327FA6D68007DBCE9 /* LaunchScreen.storyboard */; };
		5560AFD027FA6D69007DBCE9 /* _2_dicesTests.swift in Sources */ = {isa = PBXBuildFile; fileRef = 5560AFCF27FA6D69007DBCE9 /* _2_dicesTests.swift */; };
		5560AFDA27FA6D69007DBCE9 /* _2_dicesUITests.swift in Sources */ = {isa = PBXBuildFile; fileRef = 5560AFD927FA6D69007DBCE9 /* _2_dicesUITests.swift */; };
		5560AFDC27FA6D69007DBCE9 /* _2_dicesUITestsLaunchTests.swift in Sources */ = {isa = PBXBuildFile; fileRef = 5560AFDB27FA6D69007DBCE9 /* _2_dicesUITestsLaunchTests.swift */; };
/* End PBXBuildFile section */

/* Begin PBXContainerItemProxy section */
		5560AFCC27FA6D69007DBCE9 /* PBXContainerItemProxy */ = {
			isa = PBXContainerItemProxy;
			containerPortal = 5560AFAD27FA6D61007DBCE9 /* Project object */;
			proxyType = 1;
			remoteGlobalIDString = 5560AFB427FA6D61007DBCE9;
			remoteInfo = "02-dices";
		};
		5560AFD627FA6D69007DBCE9 /* PBXContainerItemProxy */ = {
			isa = PBXContainerItemProxy;
			containerPortal = 5560AFAD27FA6D61007DBCE9 /* Project object */;
			proxyType = 1;
			remoteGlobalIDString = 5560AFB427FA6D61007DBCE9;
			remoteInfo = "02-dices";
		};
/* End PBXContainerItemProxy section */

/* Begin PBXFileReference section */
		5560AFB527FA6D61007DBCE9 /* 02-dices.app */ = {isa = PBXFileReference; explicitFileType = wrapper.application; includeInIndex = 0; path = "02-dices.app"; sourceTree = BUILT_PRODUCTS_DIR; };
		5560AFB827FA6D61007DBCE9 /* AppDelegate.swift */ = {isa = PBXFileReference; lastKnownFileType = sourcecode.swift; path = AppDelegate.swift; sourceTree = "<group>"; };
		5560AFBA27FA6D61007DBCE9 /* SceneDelegate.swift */ = {isa = PBXFileReference; lastKnownFileType = sourcecode.swift; path = SceneDelegate.swift; sourceTree = "<group>"; };
		5560AFBC27FA6D61007DBCE9 /* ViewController.swift */ = {isa = PBXFileReference; lastKnownFileType = sourcecode.swift; path = ViewController.swift; sourceTree = "<group>"; };
		5560AFBF27FA6D61007DBCE9 /* Base */ = {isa = PBXFileReference; lastKnownFileType = file.storyboard; name = Base; path = Base.lproj/Main.storyboard; sourceTree = "<group>"; };
		5560AFC127FA6D68007DBCE9 /* Assets.xcassets */ = {isa = PBXFileReference; lastKnownFileType = folder.assetcatalog; path = Assets.xcassets; sourceTree = "<group>"; };
		5560AFC427FA6D68007DBCE9 /* Base */ = {isa = PBXFileReference; lastKnownFileType = file.storyboard; name = Base; path = Base.lproj/LaunchScreen.storyboard; sourceTree = "<group>"; };
		5560AFC627FA6D68007DBCE9 /* Info.plist */ = {isa = PBXFileReference; lastKnownFileType = text.plist.xml; path = Info.plist; sourceTree = "<group>"; };
		5560AFCB27FA6D69007DBCE9 /* 02-dicesTests.xctest */ = {isa = PBXFileReference; explicitFileType = wrapper.cfbundle; includeInIndex = 0; path = "02-dicesTests.xctest"; sourceTree = BUILT_PRODUCTS_DIR; };
		5560AFCF27FA6D69007DBCE9 /* _2_dicesTests.swift */ = {isa = PBXFileReference; lastKnownFileType = sourcecode.swift; path = _2_dicesTests.swift; sourceTree = "<group>"; };
		5560AFD527FA6D69007DBCE9 /* 02-dicesUITests.xctest */ = {isa = PBXFileReference; explicitFileType = wrapper.cfbundle; includeInIndex = 0; path = "02-dicesUITests.xctest"; sourceTree = BUILT_PRODUCTS_DIR; };
		5560AFD927FA6D69007DBCE9 /* _2_dicesUITests.swift */ = {isa = PBXFileReference; lastKnownFileType = sourcecode.swift; path = _2_dicesUITests.swift; sourceTree = "<group>"; };
		5560AFDB27FA6D69007DBCE9 /* _2_dicesUITestsLaunchTests.swift */ = {isa = PBXFileReference; lastKnownFileType = sourcecode.swift; path = _2_dicesUITestsLaunchTests.swift; sourceTree = "<group>"; };
/* End PBXFileReference section */

/* Begin PBXFrameworksBuildPhase section */
		5560AFB227FA6D61007DBCE9 /* Frameworks */ = {
			isa = PBXFrameworksBuildPhase;
			buildActionMask = 2147483647;
			files = (
			);
			runOnlyForDeploymentPostprocessing = 0;
		};
		5560AFC827FA6D69007DBCE9 /* Frameworks */ = {
			isa = PBXFrameworksBuildPhase;
			buildActionMask = 2147483647;
			files = (
			);
			runOnlyForDeploymentPostprocessing = 0;
		};
		5560AFD227FA6D69007DBCE9 /* Frameworks */ = {
			isa = PBXFrameworksBuildPhase;
			buildActionMask = 2147483647;
			files = (
			);
			runOnlyForDeploymentPostprocessing = 0;
		};
/* End PBXFrameworksBuildPhase section */

/* Begin PBXGroup section */
		5560AFAC27FA6D61007DBCE9 = {
			isa = PBXGroup;
			children = (
				5560AFB727FA6D61007DBCE9 /* 02-dices */,
				5560AFCE27FA6D69007DBCE9 /* 02-dicesTests */,
				5560AFD827FA6D69007DBCE9 /* 02-dicesUITests */,
				5560AFB627FA6D61007DBCE9 /* Products */,
			);
			sourceTree = "<group>";
		};
		5560AFB627FA6D61007DBCE9 /* Products */ = {
			isa = PBXGroup;
			children = (
				5560AFB527FA6D61007DBCE9 /* 02-dices.app */,
				5560AFCB27FA6D69007DBCE9 /* 02-dicesTests.xctest */,
				5560AFD527FA6D69007DBCE9 /* 02-dicesUITests.xctest */,
			);
			name = Products;
			sourceTree = "<group>";
		};
		5560AFB727FA6D61007DBCE9 /* 02-dices */ = {
			isa = PBXGroup;
			children = (
				5560AFB827FA6D61007DBCE9 /* AppDelegate.swift */,
				5560AFBA27FA6D61007DBCE9 /* SceneDelegate.swift */,
				5560AFBC27FA6D61007DBCE9 /* ViewController.swift */,
				5560AFBE27FA6D61007DBCE9 /* Main.storyboard */,
				5560AFC127FA6D68007DBCE9 /* Assets.xcassets */,
				5560AFC327FA6D68007DBCE9 /* LaunchScreen.storyboard */,
				5560AFC627FA6D68007DBCE9 /* Info.plist */,
			);
			path = "02-dices";
			sourceTree = "<group>";
		};
		5560AFCE27FA6D69007DBCE9 /* 02-dicesTests */ = {
			isa = PBXGroup;
			children = (
				5560AFCF27FA6D69007DBCE9 /* _2_dicesTests.swift */,
			);
			path = "02-dicesTests";
			sourceTree = "<group>";
		};
		5560AFD827FA6D69007DBCE9 /* 02-dicesUITests */ = {
			isa = PBXGroup;
			children = (
				5560AFD927FA6D69007DBCE9 /* _2_dicesUITests.swift */,
				5560AFDB27FA6D69007DBCE9 /* _2_dicesUITestsLaunchTests.swift */,
			);
			path = "02-dicesUITests";
			sourceTree = "<group>";
		};
/* End PBXGroup section */

/* Begin PBXNativeTarget section */
		5560AFB427FA6D61007DBCE9 /* 02-dices */ = {
			isa = PBXNativeTarget;
			buildConfigurationList = 5560AFDF27FA6D69007DBCE9 /* Build configuration list for PBXNativeTarget "02-dices" */;
			buildPhases = (
				5560AFB127FA6D61007DBCE9 /* Sources */,
				5560AFB227FA6D61007DBCE9 /* Frameworks */,
				5560AFB327FA6D61007DBCE9 /* Resources */,
			);
			buildRules = (
			);
			dependencies = (
			);
			name = "02-dices";
			productName = "02-dices";
			productReference = 5560AFB527FA6D61007DBCE9 /* 02-dices.app */;
			productType = "com.apple.product-type.application";
		};
		5560AFCA27FA6D69007DBCE9 /* 02-dicesTests */ = {
			isa = PBXNativeTarget;
			buildConfigurationList = 5560AFE227FA6D69007DBCE9 /* Build configuration list for PBXNativeTarget "02-dicesTests" */;
			buildPhases = (
				5560AFC727FA6D69007DBCE9 /* Sources */,
				5560AFC827FA6D69007DBCE9 /* Frameworks */,
				5560AFC927FA6D69007DBCE9 /* Resources */,
			);
			buildRules = (
			);
			dependencies = (
				5560AFCD27FA6D69007DBCE9 /* PBXTargetDependency */,
			);
			name = "02-dicesTests";
			productName = "02-dicesTests";
			productReference = 5560AFCB27FA6D69007DBCE9 /* 02-dicesTests.xctest */;
			productType = "com.apple.product-type.bundle.unit-test";
		};
		5560AFD427FA6D69007DBCE9 /* 02-dicesUITests */ = {
			isa = PBXNativeTarget;
			buildConfigurationList = 5560AFE527FA6D69007DBCE9 /* Build configuration list for PBXNativeTarget "02-dicesUITests" */;
			buildPhases = (
				5560AFD127FA6D69007DBCE9 /* Sources */,
				5560AFD227FA6D69007DBCE9 /* Frameworks */,
				5560AFD327FA6D69007DBCE9 /* Resources */,
			);
			buildRules = (
			);
			dependencies = (
				5560AFD727FA6D69007DBCE9 /* PBXTargetDependency */,
			);
			name = "02-dicesUITests";
			productName = "02-dicesUITests";
			productReference = 5560AFD527FA6D69007DBCE9 /* 02-dicesUITests.xctest */;
			productType = "com.apple.product-type.bundle.ui-testing";
		};
/* End PBXNativeTarget section */

/* Begin PBXProject section */
		5560AFAD27FA6D61007DBCE9 /* Project object */ = {
			isa = PBXProject;
			attributes = {
				BuildIndependentTargetsInParallel = 1;
				LastSwiftUpdateCheck = 1310;
				LastUpgradeCheck = 1310;
				TargetAttributes = {
					5560AFB427FA6D61007DBCE9 = {
						CreatedOnToolsVersion = 13.1;
					};
					5560AFCA27FA6D69007DBCE9 = {
						CreatedOnToolsVersion = 13.1;
						TestTargetID = 5560AFB427FA6D61007DBCE9;
					};
					5560AFD427FA6D69007DBCE9 = {
						CreatedOnToolsVersion = 13.1;
						TestTargetID = 5560AFB427FA6D61007DBCE9;
					};
				};
			};
			buildConfigurationList = 5560AFB027FA6D61007DBCE9 /* Build configuration list for PBXProject "02-dices" */;
			compatibilityVersion = "Xcode 13.0";
			developmentRegion = en;
			hasScannedForEncodings = 0;
			knownRegions = (
				en,
				Base,
			);
			mainGroup = 5560AFAC27FA6D61007DBCE9;
			productRefGroup = 5560AFB627FA6D61007DBCE9 /* Products */;
			projectDirPath = "";
			projectRoot = "";
			targets = (
				5560AFB427FA6D61007DBCE9 /* 02-dices */,
				5560AFCA27FA6D69007DBCE9 /* 02-dicesTests */,
				5560AFD427FA6D69007DBCE9 /* 02-dicesUITests */,
			);
		};
/* End PBXProject section */

/* Begin PBXResourcesBuildPhase section */
		5560AFB327FA6D61007DBCE9 /* Resources */ = {
			isa = PBXResourcesBuildPhase;
			buildActionMask = 2147483647;
			files = (
				5560AFC527FA6D68007DBCE9 /* LaunchScreen.storyboard in Resources */,
				5560AFC227FA6D68007DBCE9 /* Assets.xcassets in Resources */,
				5560AFC027FA6D61007DBCE9 /* Main.storyboard in Resources */,
			);
			runOnlyForDeploymentPostprocessing = 0;
		};
		5560AFC927FA6D69007DBCE9 /* Resources */ = {
			isa = PBXResourcesBuildPhase;
			buildActionMask = 2147483647;
			files = (
			);
			runOnlyForDeploymentPostprocessing = 0;
		};
		5560AFD327FA6D69007DBCE9 /* Resources */ = {
			isa = PBXResourcesBuildPhase;
			buildActionMask = 2147483647;
			files = (
			);
			runOnlyForDeploymentPostprocessing = 0;
		};
/* End PBXResourcesBuildPhase section */

/* Begin PBXSourcesBuildPhase section */
		5560AFB127FA6D61007DBCE9 /* Sources */ = {
			isa = PBXSourcesBuildPhase;
			buildActionMask = 2147483647;
			files = (
				5560AFBD27FA6D61007DBCE9 /* ViewController.swift in Sources */,
				5560AFB927FA6D61007DBCE9 /* AppDelegate.swift in Sources */,
				5560AFBB27FA6D61007DBCE9 /* SceneDelegate.swift in Sources */,
			);
			runOnlyForDeploymentPostprocessing = 0;
		};
		5560AFC727FA6D69007DBCE9 /* Sources */ = {
			isa = PBXSourcesBuildPhase;
			buildActionMask = 2147483647;
			files = (
				5560AFD027FA6D69007DBCE9 /* _2_dicesTests.swift in Sources */,
			);
			runOnlyForDeploymentPostprocessing = 0;
		};
		5560AFD127FA6D69007DBCE9 /* Sources */ = {
			isa = PBXSourcesBuildPhase;
			buildActionMask = 2147483647;
			files = (
				5560AFDC27FA6D69007DBCE9 /* _2_dicesUITestsLaunchTests.swift in Sources */,
				5560AFDA27FA6D69007DBCE9 /* _2_dicesUITests.swift in Sources */,
			);
			runOnlyForDeploymentPostprocessing = 0;
		};
/* End PBXSourcesBuildPhase section */

/* Begin PBXTargetDependency section */
		5560AFCD27FA6D69007DBCE9 /* PBXTargetDependency */ = {
			isa = PBXTargetDependency;
			target = 5560AFB427FA6D61007DBCE9 /* 02-dices */;
			targetProxy = 5560AFCC27FA6D69007DBCE9 /* PBXContainerItemProxy */;
		};
		5560AFD727FA6D69007DBCE9 /* PBXTargetDependency */ = {
			isa = PBXTargetDependency;
			target = 5560AFB427FA6D61007DBCE9 /* 02-dices */;
			targetProxy = 5560AFD627FA6D69007DBCE9 /* PBXContainerItemProxy */;
		};
/* End PBXTargetDependency section */

/* Begin PBXVariantGroup section */
		5560AFBE27FA6D61007DBCE9 /* Main.storyboard */ = {
			isa = PBXVariantGroup;
			children = (
				5560AFBF27FA6D61007DBCE9 /* Base */,
			);
			name = Main.storyboard;
			sourceTree = "<group>";
		};
		5560AFC327FA6D68007DBCE9 /* LaunchScreen.storyboard */ = {
			isa = PBXVariantGroup;
			children = (
				5560AFC427FA6D68007DBCE9 /* Base */,
			);
			name = LaunchScreen.storyboard;
			sourceTree = "<group>";
		};
/* End PBXVariantGroup section */

/* Begin XCBuildConfiguration section */
		5560AFDD27FA6D69007DBCE9 /* Debug */ = {
			isa = XCBuildConfiguration;
			buildSettings = {
				ALWAYS_SEARCH_USER_PATHS = NO;
				CLANG_ANALYZER_NONNULL = YES;
				CLANG_ANALYZER_NUMBER_OBJECT_CONVERSION = YES_AGGRESSIVE;
				CLANG_CXX_LANGUAGE_STANDARD = "gnu++17";
				CLANG_CXX_LIBRARY = "libc++";
				CLANG_ENABLE_MODULES = YES;
				CLANG_ENABLE_OBJC_ARC = YES;
				CLANG_ENABLE_OBJC_WEAK = YES;
				CLANG_WARN_BLOCK_CAPTURE_AUTORELEASING = YES;
				CLANG_WARN_BOOL_CONVERSION = YES;
				CLANG_WARN_COMMA = YES;
				CLANG_WARN_CONSTANT_CONVERSION = YES;
				CLANG_WARN_DEPRECATED_OBJC_IMPLEMENTATIONS = YES;
				CLANG_WARN_DIRECT_OBJC_ISA_USAGE = YES_ERROR;
				CLANG_WARN_DOCUMENTATION_COMMENTS = YES;
				CLANG_WARN_EMPTY_BODY = YES;
				CLANG_WARN_ENUM_CONVERSION = YES;
				CLANG_WARN_INFINITE_RECURSION = YES;
				CLANG_WARN_INT_CONVERSION = YES;
				CLANG_WARN_NON_LITERAL_NULL_CONVERSION = YES;
				CLANG_WARN_OBJC_IMPLICIT_RETAIN_SELF = YES;
				CLANG_WARN_OBJC_LITERAL_CONVERSION = YES;
				CLANG_WARN_OBJC_ROOT_CLASS = YES_ERROR;
				CLANG_WARN_QUOTED_INCLUDE_IN_FRAMEWORK_HEADER = YES;
				CLANG_WARN_RANGE_LOOP_ANALYSIS = YES;
				CLANG_WARN_STRICT_PROTOTYPES = YES;
				CLANG_WARN_SUSPICIOUS_MOVE = YES;
				CLANG_WARN_UNGUARDED_AVAILABILITY = YES_AGGRESSIVE;
				CLANG_WARN_UNREACHABLE_CODE = YES;
				CLANG_WARN__DUPLICATE_METHOD_MATCH = YES;
				COPY_PHASE_STRIP = NO;
				DEBUG_INFORMATION_FORMAT = dwarf;
				ENABLE_STRICT_OBJC_MSGSEND = YES;
				ENABLE_TESTABILITY = YES;
				GCC_C_LANGUAGE_STANDARD = gnu11;
				GCC_DYNAMIC_NO_PIC = NO;
				GCC_NO_COMMON_BLOCKS = YES;
				GCC_OPTIMIZATION_LEVEL = 0;
				GCC_PREPROCESSOR_DEFINITIONS = (
					"DEBUG=1",
					"$(inherited)",
				);
				GCC_WARN_64_TO_32_BIT_CONVERSION = YES;
				GCC_WARN_ABOUT_RETURN_TYPE = YES_ERROR;
				GCC_WARN_UNDECLARED_SELECTOR = YES;
				GCC_WARN_UNINITIALIZED_AUTOS = YES_AGGRESSIVE;
				GCC_WARN_UNUSED_FUNCTION = YES;
				GCC_WARN_UNUSED_VARIABLE = YES;
				IPHONEOS_DEPLOYMENT_TARGET = 15.0;
				MTL_ENABLE_DEBUG_INFO = INCLUDE_SOURCE;
				MTL_FAST_MATH = YES;
				ONLY_ACTIVE_ARCH = YES;
				SDKROOT = iphoneos;
				SWIFT_ACTIVE_COMPILATION_CONDITIONS = DEBUG;
				SWIFT_OPTIMIZATION_LEVEL = "-Onone";
			};
			name = Debug;
		};
		5560AFDE27FA6D69007DBCE9 /* Release */ = {
			isa = XCBuildConfiguration;
			buildSettings = {
				ALWAYS_SEARCH_USER_PATHS = NO;
				CLANG_ANALYZER_NONNULL = YES;
				CLANG_ANALYZER_NUMBER_OBJECT_CONVERSION = YES_AGGRESSIVE;
				CLANG_CXX_LANGUAGE_STANDARD = "gnu++17";
				CLANG_CXX_LIBRARY = "libc++";
				CLANG_ENABLE_MODULES = YES;
				CLANG_ENABLE_OBJC_ARC = YES;
				CLANG_ENABLE_OBJC_WEAK = YES;
				CLANG_WARN_BLOCK_CAPTURE_AUTORELEASING = YES;
				CLANG_WARN_BOOL_CONVERSION = YES;
				CLANG_WARN_COMMA = YES;
				CLANG_WARN_CONSTANT_CONVERSION = YES;
				CLANG_WARN_DEPRECATED_OBJC_IMPLEMENTATIONS = YES;
				CLANG_WARN_DIRECT_OBJC_ISA_USAGE = YES_ERROR;
				CLANG_WARN_DOCUMENTATION_COMMENTS = YES;
				CLANG_WARN_EMPTY_BODY = YES;
				CLANG_WARN_ENUM_CONVERSION = YES;
				CLANG_WARN_INFINITE_RECURSION = YES;
				CLANG_WARN_INT_CONVERSION = YES;
				CLANG_WARN_NON_LITERAL_NULL_CONVERSION = YES;
				CLANG_WARN_OBJC_IMPLICIT_RETAIN_SELF = YES;
				CLANG_WARN_OBJC_LITERAL_CONVERSION = YES;
				CLANG_WARN_OBJC_ROOT_CLASS = YES_ERROR;
				CLANG_WARN_QUOTED_INCLUDE_IN_FRAMEWORK_HEADER = YES;
				CLANG_WARN_RANGE_LOOP_ANALYSIS = YES;
				CLANG_WARN_STRICT_PROTOTYPES = YES;
				CLANG_WARN_SUSPICIOUS_MOVE = YES;
				CLANG_WARN_UNGUARDED_AVAILABILITY = YES_AGGRESSIVE;
				CLANG_WARN_UNREACHABLE_CODE = YES;
				CLANG_WARN__DUPLICATE_METHOD_MATCH = YES;
				COPY_PHASE_STRIP = NO;
				DEBUG_INFORMATION_FORMAT = "dwarf-with-dsym";
				ENABLE_NS_ASSERTIONS = NO;
				ENABLE_STRICT_OBJC_MSGSEND = YES;
				GCC_C_LANGUAGE_STANDARD = gnu11;
				GCC_NO_COMMON_BLOCKS = YES;
				GCC_WARN_64_TO_32_BIT_CONVERSION = YES;
				GCC_WARN_ABOUT_RETURN_TYPE = YES_ERROR;
				GCC_WARN_UNDECLARED_SELECTOR = YES;
				GCC_WARN_UNINITIALIZED_AUTOS = YES_AGGRESSIVE;
				GCC_WARN_UNUSED_FUNCTION = YES;
				GCC_WARN_UNUSED_VARIABLE = YES;
				IPHONEOS_DEPLOYMENT_TARGET = 15.0;
				MTL_ENABLE_DEBUG_INFO = NO;
				MTL_FAST_MATH = YES;
				SDKROOT = iphoneos;
				SWIFT_COMPILATION_MODE = wholemodule;
				SWIFT_OPTIMIZATION_LEVEL = "-O";
				VALIDATE_PRODUCT = YES;
			};
			name = Release;
		};
		5560AFE027FA6D69007DBCE9 /* Debug */ = {
			isa = XCBuildConfiguration;
			buildSettings = {
				ASSETCATALOG_COMPILER_APPICON_NAME = AppIcon;
				ASSETCATALOG_COMPILER_GLOBAL_ACCENT_COLOR_NAME = AccentColor;
				CODE_SIGN_STYLE = Automatic;
				CURRENT_PROJECT_VERSION = 1;
				DEVELOPMENT_TEAM = C7WS7FG6DD;
				GENERATE_INFOPLIST_FILE = YES;
				INFOPLIST_FILE = "02-dices/Info.plist";
				INFOPLIST_KEY_UIApplicationSupportsIndirectInputEvents = YES;
				INFOPLIST_KEY_UILaunchStoryboardName = LaunchScreen;
				INFOPLIST_KEY_UIMainStoryboardFile = Main;
				INFOPLIST_KEY_UISupportedInterfaceOrientations_iPad = "UIInterfaceOrientationPortrait UIInterfaceOrientationPortraitUpsideDown UIInterfaceOrientationLandscapeLeft UIInterfaceOrientationLandscapeRight";
				INFOPLIST_KEY_UISupportedInterfaceOrientations_iPhone = "UIInterfaceOrientationPortrait UIInterfaceOrientationLandscapeLeft UIInterfaceOrientationLandscapeRight";
				LD_RUNPATH_SEARCH_PATHS = (
					"$(inherited)",
					"@executable_path/Frameworks",
				);
				MARKETING_VERSION = 1.0;
				PRODUCT_BUNDLE_IDENTIFIER = "com.maryangel.-2-dices";
				PRODUCT_NAME = "$(TARGET_NAME)";
				SWIFT_EMIT_LOC_STRINGS = YES;
				SWIFT_VERSION = 5.0;
				TARGETED_DEVICE_FAMILY = "1,2";
			};
			name = Debug;
		};
		5560AFE127FA6D69007DBCE9 /* Release */ = {
			isa = XCBuildConfiguration;
			buildSettings = {
				ASSETCATALOG_COMPILER_APPICON_NAME = AppIcon;
				ASSETCATALOG_COMPILER_GLOBAL_ACCENT_COLOR_NAME = AccentColor;
				CODE_SIGN_STYLE = Automatic;
				CURRENT_PROJECT_VERSION = 1;
				DEVELOPMENT_TEAM = C7WS7FG6DD;
				GENERATE_INFOPLIST_FILE = YES;
				INFOPLIST_FILE = "02-dices/Info.plist";
				INFOPLIST_KEY_UIApplicationSupportsIndirectInputEvents = YES;
				INFOPLIST_KEY_UILaunchStoryboardName = LaunchScreen;
				INFOPLIST_KEY_UIMainStoryboardFile = Main;
				INFOPLIST_KEY_UISupportedInterfaceOrientations_iPad = "UIInterfaceOrientationPortrait UIInterfaceOrientationPortraitUpsideDown UIInterfaceOrientationLandscapeLeft UIInterfaceOrientationLandscapeRight";
				INFOPLIST_KEY_UISupportedInterfaceOrientations_iPhone = "UIInterfaceOrientationPortrait UIInterfaceOrientationLandscapeLeft UIInterfaceOrientationLandscapeRight";
				LD_RUNPATH_SEARCH_PATHS = (
					"$(inherited)",
					"@executable_path/Frameworks",
				);
				MARKETING_VERSION = 1.0;
				PRODUCT_BUNDLE_IDENTIFIER = "com.maryangel.-2-dices";
				PRODUCT_NAME = "$(TARGET_NAME)";
				SWIFT_EMIT_LOC_STRINGS = YES;
				SWIFT_VERSION = 5.0;
				TARGETED_DEVICE_FAMILY = "1,2";
			};
			name = Release;
		};
		5560AFE327FA6D69007DBCE9 /* Debug */ = {
			isa = XCBuildConfiguration;
			buildSettings = {
				ALWAYS_EMBED_SWIFT_STANDARD_LIBRARIES = YES;
				BUNDLE_LOADER = "$(TEST_HOST)";
				CODE_SIGN_STYLE = Automatic;
				CURRENT_PROJECT_VERSION = 1;
				DEVELOPMENT_TEAM = C7WS7FG6DD;
				GENERATE_INFOPLIST_FILE = YES;
				IPHONEOS_DEPLOYMENT_TARGET = 15.0;
				LD_RUNPATH_SEARCH_PATHS = (
					"$(inherited)",
					"@executable_path/Frameworks",
					"@loader_path/Frameworks",
				);
				MARKETING_VERSION = 1.0;
				PRODUCT_BUNDLE_IDENTIFIER = "com.maryangel.-2-dicesTests";
				PRODUCT_NAME = "$(TARGET_NAME)";
				SWIFT_EMIT_LOC_STRINGS = NO;
				SWIFT_VERSION = 5.0;
				TARGETED_DEVICE_FAMILY = "1,2";
				TEST_HOST = "$(BUILT_PRODUCTS_DIR)/02-dices.app/02-dices";
			};
			name = Debug;
		};
		5560AFE427FA6D69007DBCE9 /* Release */ = {
			isa = XCBuildConfiguration;
			buildSettings = {
				ALWAYS_EMBED_SWIFT_STANDARD_LIBRARIES = YES;
				BUNDLE_LOADER = "$(TEST_HOST)";
				CODE_SIGN_STYLE = Automatic;
				CURRENT_PROJECT_VERSION = 1;
				DEVELOPMENT_TEAM = C7WS7FG6DD;
				GENERATE_INFOPLIST_FILE = YES;
				IPHONEOS_DEPLOYMENT_TARGET = 15.0;
				LD_RUNPATH_SEARCH_PATHS = (
					"$(inherited)",
					"@executable_path/Frameworks",
					"@loader_path/Frameworks",
				);
				MARKETING_VERSION = 1.0;
				PRODUCT_BUNDLE_IDENTIFIER = "com.maryangel.-2-dicesTests";
				PRODUCT_NAME = "$(TARGET_NAME)";
				SWIFT_EMIT_LOC_STRINGS = NO;
				SWIFT_VERSION = 5.0;
				TARGETED_DEVICE_FAMILY = "1,2";
				TEST_HOST = "$(BUILT_PRODUCTS_DIR)/02-dices.app/02-dices";
			};
			name = Release;
		};
		5560AFE627FA6D69007DBCE9 /* Debug */ = {
			isa = XCBuildConfiguration;
			buildSettings = {
				ALWAYS_EMBED_SWIFT_STANDARD_LIBRARIES = YES;
				CODE_SIGN_STYLE = Automatic;
				CURRENT_PROJECT_VERSION = 1;
				DEVELOPMENT_TEAM = C7WS7FG6DD;
				GENERATE_INFOPLIST_FILE = YES;
				LD_RUNPATH_SEARCH_PATHS = (
					"$(inherited)",
					"@executable_path/Frameworks",
					"@loader_path/Frameworks",
				);
				MARKETING_VERSION = 1.0;
				PRODUCT_BUNDLE_IDENTIFIER = "com.maryangel.-2-dicesUITests";
				PRODUCT_NAME = "$(TARGET_NAME)";
				SWIFT_EMIT_LOC_STRINGS = NO;
				SWIFT_VERSION = 5.0;
				TARGETED_DEVICE_FAMILY = "1,2";
				TEST_TARGET_NAME = "02-dices";
			};
			name = Debug;
		};
		5560AFE727FA6D69007DBCE9 /* Release */ = {
			isa = XCBuildConfiguration;
			buildSettings = {
				ALWAYS_EMBED_SWIFT_STANDARD_LIBRARIES = YES;
				CODE_SIGN_STYLE = Automatic;
				CURRENT_PROJECT_VERSION = 1;
				DEVELOPMENT_TEAM = C7WS7FG6DD;
				GENERATE_INFOPLIST_FILE = YES;
				LD_RUNPATH_SEARCH_PATHS = (
					"$(inherited)",
					"@executable_path/Frameworks",
					"@loader_path/Frameworks",
				);
				MARKETING_VERSION = 1.0;
				PRODUCT_BUNDLE_IDENTIFIER = "com.maryangel.-2-dicesUITests";
				PRODUCT_NAME = "$(TARGET_NAME)";
				SWIFT_EMIT_LOC_STRINGS = NO;
				SWIFT_VERSION = 5.0;
				TARGETED_DEVICE_FAMILY = "1,2";
				TEST_TARGET_NAME = "02-dices";
			};
			name = Release;
		};
/* End XCBuildConfiguration section */

/* Begin XCConfigurationList section */
		5560AFB027FA6D61007DBCE9 /* Build configuration list for PBXProject "02-dices" */ = {
			isa = XCConfigurationList;
			buildConfigurations = (
				5560AFDD27FA6D69007DBCE9 /* Debug */,
				5560AFDE27FA6D69007DBCE9 /* Release */,
			);
			defaultConfigurationIsVisible = 0;
			defaultConfigurationName = Release;
		};
		5560AFDF27FA6D69007DBCE9 /* Build configuration list for PBXNativeTarget "02-dices" */ = {
			isa = XCConfigurationList;
			buildConfigurations = (
				5560AFE027FA6D69007DBCE9 /* Debug */,
				5560AFE127FA6D69007DBCE9 /* Release */,
			);
			defaultConfigurationIsVisible = 0;
			defaultConfigurationName = Release;
		};
		5560AFE227FA6D69007DBCE9 /* Build configuration list for PBXNativeTarget "02-dicesTests" */ = {
			isa = XCConfigurationList;
			buildConfigurations = (
				5560AFE327FA6D69007DBCE9 /* Debug */,
				5560AFE427FA6D69007DBCE9 /* Release */,
			);
			defaultConfigurationIsVisible = 0;
			defaultConfigurationName = Release;
		};
		5560AFE527FA6D69007DBCE9 /* Build configuration list for PBXNativeTarget "02-dicesUITests" */ = {
			isa = XCConfigurationList;
			buildConfigurations = (
				5560AFE627FA6D69007DBCE9 /* Debug */,
				5560AFE727FA6D69007DBCE9 /* Release */,
			);
			defaultConfigurationIsVisible = 0;
			defaultConfigurationName = Release;
		};
/* End XCConfigurationList section */
	};
	rootObject = 5560AFAD27FA6D61007DBCE9 /* Project object */;
}
